
Microsoft Visual Studio Solution File, Format Version 12.00
# Visual Studio 2013
VisualStudioVersion = 12.0.30723.0
MinimumVisualStudioVersion = 10.0.40219.1
Project("{FAE04EC0-301F-11D3-BF4B-00C04F79EFBC}") = "WebApplication2", "WebApplication2\WebApplication2.csproj", "{B460D901-133F-433F-829E-CB5C3AFADE9C}"
EndProject
Project("{2150E333-8FDC-42A3-9474-1A3956D46DE8}") = "PublishScripts", "PublishScripts", "{BF204DE9-E82E-44FF-858B-6C0B70E56C15}"
	ProjectSection(SolutionItems) = preProject
		PublishScripts\AzureWebsitePublishModule.psm1 = PublishScripts\AzureWebsitePublishModule.psm1
		PublishScripts\Publish-WebApplicationWebsite.ps1 = PublishScripts\Publish-WebApplicationWebsite.ps1
	EndProjectSection
EndProject
Project("{2150E333-8FDC-42A3-9474-1A3956D46DE8}") = "Configurations", "Configurations", "{9A5591EE-4682-402F-B451-06F8F4A365CD}"
	ProjectSection(SolutionItems) = preProject
		PublishScripts\Configurations\WebApplication2-WAWS-dev.json = PublishScripts\Configurations\WebApplication2-WAWS-dev.json
	EndProjectSection
EndProject
Global
	GlobalSection(SolutionConfigurationPlatforms) = preSolution
		Debug|Any CPU = Debug|Any CPU
		Release|Any CPU = Release|Any CPU
	EndGlobalSection
	GlobalSection(ProjectConfigurationPlatforms) = postSolution
		{B460D901-133F-433F-829E-CB5C3AFADE9C}.Debug|Any CPU.ActiveCfg = Debug|Any CPU
		{B460D901-133F-433F-829E-CB5C3AFADE9C}.Debug|Any CPU.Build.0 = Debug|Any CPU
		{B460D901-133F-433F-829E-CB5C3AFADE9C}.Release|Any CPU.ActiveCfg = Release|Any CPU
		{B460D901-133F-433F-829E-CB5C3AFADE9C}.Release|Any CPU.Build.0 = Release|Any CPU
	EndGlobalSection
	GlobalSection(SolutionProperties) = preSolution
		HideSolutionNode = FALSE
	EndGlobalSection
	GlobalSection(NestedProjects) = preSolution
		{9A5591EE-4682-402F-B451-06F8F4A365CD} = {BF204DE9-E82E-44FF-858B-6C0B70E56C15}
	EndGlobalSection
EndGlobal
